
Microsoft Visual Studio Solution File, Format Version 12.00
# Visual Studio 2013
VisualStudioVersion = 12.0.31101.0
MinimumVisualStudioVersion = 10.0.40219.1
Project("{FAE04EC0-301F-11D3-BF4B-00C04F79EFBC}") = "HFCMobile", "HFCMobile\HFCMobile\HFCMobile.csproj", "{AAC074EB-52A9-4902-835A-288E346E9BE3}"
EndProject
Project("{FAE04EC0-301F-11D3-BF4B-00C04F79EFBC}") = "HFCMobile.iOS", "HFCMobile\HFCMobile.iOS\HFCMobile.iOS.csproj", "{EE8A8C3C-FC21-4386-B559-3DD615398591}"
EndProject
Project("{FAE04EC0-301F-11D3-BF4B-00C04F79EFBC}") = "HFCMobile.Droid", "HFCMobile\HFCMobile.Droid\HFCMobile.Droid.csproj", "{5968D337-2787-4FF4-8C04-F343D59E98E4}"
EndProject
Project("{FAE04EC0-301F-11D3-BF4B-00C04F79EFBC}") = "HFCMobile.WinPhone", "HFCMobile\HFCMobile.WinPhone\HFCMobile.WinPhone.csproj", "{D8B60A6D-DCC5-42FD-AECD-58A502C3C5D5}"
EndProject
Global
	GlobalSection(SolutionConfigurationPlatforms) = preSolution
		Ad-Hoc|Any CPU = Ad-Hoc|Any CPU
		Ad-Hoc|ARM = Ad-Hoc|ARM
		Ad-Hoc|iPhone = Ad-Hoc|iPhone
		Ad-Hoc|iPhoneSimulator = Ad-Hoc|iPhoneSimulator
		Ad-Hoc|Mixed Platforms = Ad-Hoc|Mixed Platforms
		Ad-Hoc|x86 = Ad-Hoc|x86
		AppStore|Any CPU = AppStore|Any CPU
		AppStore|ARM = AppStore|ARM
		AppStore|iPhone = AppStore|iPhone
		AppStore|iPhoneSimulator = AppStore|iPhoneSimulator
		AppStore|Mixed Platforms = AppStore|Mixed Platforms
		AppStore|x86 = AppStore|x86
		Debug|Any CPU = Debug|Any CPU
		Debug|ARM = Debug|ARM
		Debug|iPhone = Debug|iPhone
		Debug|iPhoneSimulator = Debug|iPhoneSimulator
		Debug|Mixed Platforms = Debug|Mixed Platforms
		Debug|x86 = Debug|x86
		Release|Any CPU = Release|Any CPU
		Release|ARM = Release|ARM
		Release|iPhone = Release|iPhone
		Release|iPhoneSimulator = Release|iPhoneSimulator
		Release|Mixed Platforms = Release|Mixed Platforms
		Release|x86 = Release|x86
	EndGlobalSection
	GlobalSection(ProjectConfigurationPlatforms) = postSolution
		{AAC074EB-52A9-4902-835A-288E346E9BE3}.Ad-Hoc|Any CPU.ActiveCfg = Release|Any CPU
		{AAC074EB-52A9-4902-835A-288E346E9BE3}.Ad-Hoc|Any CPU.Build.0 = Release|Any CPU
		{AAC074EB-52A9-4902-835A-288E346E9BE3}.Ad-Hoc|ARM.ActiveCfg = Release|Any CPU
		{AAC074EB-52A9-4902-835A-288E346E9BE3}.Ad-Hoc|iPhone.ActiveCfg = Release|Any CPU
		{AAC074EB-52A9-4902-835A-288E346E9BE3}.Ad-Hoc|iPhoneSimulator.ActiveCfg = Release|Any CPU
		{AAC074EB-52A9-4902-835A-288E346E9BE3}.Ad-Hoc|Mixed Platforms.ActiveCfg = Release|Any CPU
		{AAC074EB-52A9-4902-835A-288E346E9BE3}.Ad-Hoc|Mixed Platforms.Build.0 = Release|Any CPU
		{AAC074EB-52A9-4902-835A-288E346E9BE3}.Ad-Hoc|x86.ActiveCfg = Release|Any CPU
		{AAC074EB-52A9-4902-835A-288E346E9BE3}.AppStore|Any CPU.ActiveCfg = Release|Any CPU
		{AAC074EB-52A9-4902-835A-288E346E9BE3}.AppStore|Any CPU.Build.0 = Release|Any CPU
		{AAC074EB-52A9-4902-835A-288E346E9BE3}.AppStore|ARM.ActiveCfg = Release|Any CPU
		{AAC074EB-52A9-4902-835A-288E346E9BE3}.AppStore|iPhone.ActiveCfg = Release|Any CPU
		{AAC074EB-52A9-4902-835A-288E346E9BE3}.AppStore|iPhoneSimulator.ActiveCfg = Release|Any CPU
		{AAC074EB-52A9-4902-835A-288E346E9BE3}.AppStore|Mixed Platforms.ActiveCfg = Release|Any CPU
		{AAC074EB-52A9-4902-835A-288E346E9BE3}.AppStore|Mixed Platforms.Build.0 = Release|Any CPU
		{AAC074EB-52A9-4902-835A-288E346E9BE3}.AppStore|x86.ActiveCfg = Release|Any CPU
		{AAC074EB-52A9-4902-835A-288E346E9BE3}.Debug|Any CPU.ActiveCfg = Debug|Any CPU
		{AAC074EB-52A9-4902-835A-288E346E9BE3}.Debug|Any CPU.Build.0 = Debug|Any CPU
		{AAC074EB-52A9-4902-835A-288E346E9BE3}.Debug|ARM.ActiveCfg = Debug|Any CPU
		{AAC074EB-52A9-4902-835A-288E346E9BE3}.Debug|iPhone.ActiveCfg = Debug|Any CPU
		{AAC074EB-52A9-4902-835A-288E346E9BE3}.Debug|iPhoneSimulator.ActiveCfg = Debug|Any CPU
		{AAC074EB-52A9-4902-835A-288E346E9BE3}.Debug|Mixed Platforms.ActiveCfg = Debug|Any CPU
		{AAC074EB-52A9-4902-835A-288E346E9BE3}.Debug|Mixed Platforms.Build.0 = Debug|Any CPU
		{AAC074EB-52A9-4902-835A-288E346E9BE3}.Debug|x86.ActiveCfg = Debug|Any CPU
		{AAC074EB-52A9-4902-835A-288E346E9BE3}.Release|Any CPU.ActiveCfg = Release|Any CPU
		{AAC074EB-52A9-4902-835A-288E346E9BE3}.Release|Any CPU.Build.0 = Release|Any CPU
		{AAC074EB-52A9-4902-835A-288E346E9BE3}.Release|ARM.ActiveCfg = Release|Any CPU
		{AAC074EB-52A9-4902-835A-288E346E9BE3}.Release|iPhone.ActiveCfg = Release|Any CPU
		{AAC074EB-52A9-4902-835A-288E346E9BE3}.Release|iPhoneSimulator.ActiveCfg = Release|Any CPU
		{AAC074EB-52A9-4902-835A-288E346E9BE3}.Release|Mixed Platforms.ActiveCfg = Release|Any CPU
		{AAC074EB-52A9-4902-835A-288E346E9BE3}.Release|Mixed Platforms.Build.0 = Release|Any CPU
		{AAC074EB-52A9-4902-835A-288E346E9BE3}.Release|x86.ActiveCfg = Release|Any CPU
		{EE8A8C3C-FC21-4386-B559-3DD615398591}.Ad-Hoc|Any CPU.ActiveCfg = Ad-Hoc|iPhone
		{EE8A8C3C-FC21-4386-B559-3DD615398591}.Ad-Hoc|ARM.ActiveCfg = Ad-Hoc|iPhone
		{EE8A8C3C-FC21-4386-B559-3DD615398591}.Ad-Hoc|iPhone.ActiveCfg = Ad-Hoc|iPhone
		{EE8A8C3C-FC21-4386-B559-3DD615398591}.Ad-Hoc|iPhone.Build.0 = Ad-Hoc|iPhone
		{EE8A8C3C-FC21-4386-B559-3DD615398591}.Ad-Hoc|iPhoneSimulator.ActiveCfg = Ad-Hoc|iPhoneSimulator
		{EE8A8C3C-FC21-4386-B559-3DD615398591}.Ad-Hoc|iPhoneSimulator.Build.0 = Ad-Hoc|iPhoneSimulator
		{EE8A8C3C-FC21-4386-B559-3DD615398591}.Ad-Hoc|Mixed Platforms.ActiveCfg = Ad-Hoc|iPhone
		{EE8A8C3C-FC21-4386-B559-3DD615398591}.Ad-Hoc|Mixed Platforms.Build.0 = Ad-Hoc|iPhone
		{EE8A8C3C-FC21-4386-B559-3DD615398591}.Ad-Hoc|x86.ActiveCfg = Ad-Hoc|iPhone
		{EE8A8C3C-FC21-4386-B559-3DD615398591}.AppStore|Any CPU.ActiveCfg = AppStore|iPhone
		{EE8A8C3C-FC21-4386-B559-3DD615398591}.AppStore|ARM.ActiveCfg = AppStore|iPhone
		{EE8A8C3C-FC21-4386-B559-3DD615398591}.AppStore|iPhone.ActiveCfg = AppStore|iPhone
		{EE8A8C3C-FC21-4386-B559-3DD615398591}.AppStore|iPhone.Build.0 = AppStore|iPhone
		{EE8A8C3C-FC21-4386-B559-3DD615398591}.AppStore|iPhoneSimulator.ActiveCfg = AppStore|iPhoneSimulator
		{EE8A8C3C-FC21-4386-B559-3DD615398591}.AppStore|iPhoneSimulator.Build.0 = AppStore|iPhoneSimulator
		{EE8A8C3C-FC21-4386-B559-3DD615398591}.AppStore|Mixed Platforms.ActiveCfg = AppStore|iPhone
		{EE8A8C3C-FC21-4386-B559-3DD615398591}.AppStore|Mixed Platforms.Build.0 = AppStore|iPhone
		{EE8A8C3C-FC21-4386-B559-3DD615398591}.AppStore|x86.ActiveCfg = AppStore|iPhone
		{EE8A8C3C-FC21-4386-B559-3DD615398591}.Debug|Any CPU.ActiveCfg = Debug|iPhone
		{EE8A8C3C-FC21-4386-B559-3DD615398591}.Debug|ARM.ActiveCfg = Debug|iPhone
		{EE8A8C3C-FC21-4386-B559-3DD615398591}.Debug|iPhone.ActiveCfg = Debug|iPhone
		{EE8A8C3C-FC21-4386-B559-3DD615398591}.Debug|iPhone.Build.0 = Debug|iPhone
		{EE8A8C3C-FC21-4386-B559-3DD615398591}.Debug|iPhoneSimulator.ActiveCfg = Debug|iPhoneSimulator
		{EE8A8C3C-FC21-4386-B559-3DD615398591}.Debug|iPhoneSimulator.Build.0 = Debug|iPhoneSimulator
		{EE8A8C3C-FC21-4386-B559-3DD615398591}.Debug|Mixed Platforms.ActiveCfg = Debug|iPhone
		{EE8A8C3C-FC21-4386-B559-3DD615398591}.Debug|Mixed Platforms.Build.0 = Debug|iPhone
		{EE8A8C3C-FC21-4386-B559-3DD615398591}.Debug|x86.ActiveCfg = Debug|iPhone
		{EE8A8C3C-FC21-4386-B559-3DD615398591}.Release|Any CPU.ActiveCfg = Release|iPhone
		{EE8A8C3C-FC21-4386-B559-3DD615398591}.Release|ARM.ActiveCfg = Release|iPhone
		{EE8A8C3C-FC21-4386-B559-3DD615398591}.Release|iPhone.ActiveCfg = Release|iPhone
		{EE8A8C3C-FC21-4386-B559-3DD615398591}.Release|iPhone.Build.0 = Release|iPhone
		{EE8A8C3C-FC21-4386-B559-3DD615398591}.Release|iPhoneSimulator.ActiveCfg = Release|iPhoneSimulator
		{EE8A8C3C-FC21-4386-B559-3DD615398591}.Release|iPhoneSimulator.Build.0 = Release|iPhoneSimulator
		{EE8A8C3C-FC21-4386-B559-3DD615398591}.Release|Mixed Platforms.ActiveCfg = Release|iPhone
		{EE8A8C3C-FC21-4386-B559-3DD615398591}.Release|Mixed Platforms.Build.0 = Release|iPhone
		{EE8A8C3C-FC21-4386-B559-3DD615398591}.Release|x86.ActiveCfg = Release|iPhone
		{5968D337-2787-4FF4-8C04-F343D59E98E4}.Ad-Hoc|Any CPU.ActiveCfg = Release|Any CPU
		{5968D337-2787-4FF4-8C04-F343D59E98E4}.Ad-Hoc|Any CPU.Build.0 = Release|Any CPU
		{5968D337-2787-4FF4-8C04-F343D59E98E4}.Ad-Hoc|Any CPU.Deploy.0 = Release|Any CPU
		{5968D337-2787-4FF4-8C04-F343D59E98E4}.Ad-Hoc|ARM.ActiveCfg = Release|Any CPU
		{5968D337-2787-4FF4-8C04-F343D59E98E4}.Ad-Hoc|iPhone.ActiveCfg = Release|Any CPU
		{5968D337-2787-4FF4-8C04-F343D59E98E4}.Ad-Hoc|iPhoneSimulator.ActiveCfg = Release|Any CPU
		{5968D337-2787-4FF4-8C04-F343D59E98E4}.Ad-Hoc|Mixed Platforms.ActiveCfg = Release|Any CPU
		{5968D337-2787-4FF4-8C04-F343D59E98E4}.Ad-Hoc|Mixed Platforms.Build.0 = Release|Any CPU
		{5968D337-2787-4FF4-8C04-F343D59E98E4}.Ad-Hoc|Mixed Platforms.Deploy.0 = Release|Any CPU
		{5968D337-2787-4FF4-8C04-F343D59E98E4}.Ad-Hoc|x86.ActiveCfg = Release|Any CPU
		{5968D337-2787-4FF4-8C04-F343D59E98E4}.AppStore|Any CPU.ActiveCfg = Release|Any CPU
		{5968D337-2787-4FF4-8C04-F343D59E98E4}.AppStore|Any CPU.Build.0 = Release|Any CPU
		{5968D337-2787-4FF4-8C04-F343D59E98E4}.AppStore|Any CPU.Deploy.0 = Release|Any CPU
		{5968D337-2787-4FF4-8C04-F343D59E98E4}.AppStore|ARM.ActiveCfg = Release|Any CPU
		{5968D337-2787-4FF4-8C04-F343D59E98E4}.AppStore|iPhone.ActiveCfg = Release|Any CPU
		{5968D337-2787-4FF4-8C04-F343D59E98E4}.AppStore|iPhoneSimulator.ActiveCfg = Release|Any CPU
		{5968D337-2787-4FF4-8C04-F343D59E98E4}.AppStore|Mixed Platforms.ActiveCfg = Release|Any CPU
		{5968D337-2787-4FF4-8C04-F343D59E98E4}.AppStore|Mixed Platforms.Build.0 = Release|Any CPU
		{5968D337-2787-4FF4-8C04-F343D59E98E4}.AppStore|Mixed Platforms.Deploy.0 = Release|Any CPU
		{5968D337-2787-4FF4-8C04-F343D59E98E4}.AppStore|x86.ActiveCfg = Release|Any CPU
		{5968D337-2787-4FF4-8C04-F343D59E98E4}.Debug|Any CPU.ActiveCfg = Debug|Any CPU
		{5968D337-2787-4FF4-8C04-F343D59E98E4}.Debug|Any CPU.Build.0 = Debug|Any CPU
		{5968D337-2787-4FF4-8C04-F343D59E98E4}.Debug|Any CPU.Deploy.0 = Debug|Any CPU
		{5968D337-2787-4FF4-8C04-F343D59E98E4}.Debug|ARM.ActiveCfg = Debug|Any CPU
		{5968D337-2787-4FF4-8C04-F343D59E98E4}.Debug|iPhone.ActiveCfg = Debug|Any CPU
		{5968D337-2787-4FF4-8C04-F343D59E98E4}.Debug|iPhoneSimulator.ActiveCfg = Debug|Any CPU
		{5968D337-2787-4FF4-8C04-F343D59E98E4}.Debug|Mixed Platforms.ActiveCfg = Debug|Any CPU
		{5968D337-2787-4FF4-8C04-F343D59E98E4}.Debug|Mixed Platforms.Build.0 = Debug|Any CPU
		{5968D337-2787-4FF4-8C04-F343D59E98E4}.Debug|Mixed Platforms.Deploy.0 = Debug|Any CPU
		{5968D337-2787-4FF4-8C04-F343D59E98E4}.Debug|x86.ActiveCfg = Debug|Any CPU
		{5968D337-2787-4FF4-8C04-F343D59E98E4}.Release|Any CPU.ActiveCfg = Release|Any CPU
		{5968D337-2787-4FF4-8C04-F343D59E98E4}.Release|Any CPU.Build.0 = Release|Any CPU
		{5968D337-2787-4FF4-8C04-F343D59E98E4}.Release|Any CPU.Deploy.0 = Release|Any CPU
		{5968D337-2787-4FF4-8C04-F343D59E98E4}.Release|ARM.ActiveCfg = Release|Any CPU
		{5968D337-2787-4FF4-8C04-F343D59E98E4}.Release|iPhone.ActiveCfg = Release|Any CPU
		{5968D337-2787-4FF4-8C04-F343D59E98E4}.Release|iPhoneSimulator.ActiveCfg = Release|Any CPU
		{5968D337-2787-4FF4-8C04-F343D59E98E4}.Release|Mixed Platforms.ActiveCfg = Release|Any CPU
		{5968D337-2787-4FF4-8C04-F343D59E98E4}.Release|Mixed Platforms.Build.0 = Release|Any CPU
		{5968D337-2787-4FF4-8C04-F343D59E98E4}.Release|Mixed Platforms.Deploy.0 = Release|Any CPU
		{5968D337-2787-4FF4-8C04-F343D59E98E4}.Release|x86.ActiveCfg = Release|Any CPU
		{D8B60A6D-DCC5-42FD-AECD-58A502C3C5D5}.Ad-Hoc|Any CPU.ActiveCfg = Release|Any CPU
		{D8B60A6D-DCC5-42FD-AECD-58A502C3C5D5}.Ad-Hoc|Any CPU.Build.0 = Release|Any CPU
		{D8B60A6D-DCC5-42FD-AECD-58A502C3C5D5}.Ad-Hoc|Any CPU.Deploy.0 = Release|Any CPU
		{D8B60A6D-DCC5-42FD-AECD-58A502C3C5D5}.Ad-Hoc|ARM.ActiveCfg = Release|ARM
		{D8B60A6D-DCC5-42FD-AECD-58A502C3C5D5}.Ad-Hoc|ARM.Build.0 = Release|ARM
		{D8B60A6D-DCC5-42FD-AECD-58A502C3C5D5}.Ad-Hoc|ARM.Deploy.0 = Release|ARM
		{D8B60A6D-DCC5-42FD-AECD-58A502C3C5D5}.Ad-Hoc|iPhone.ActiveCfg = Release|Any CPU
		{D8B60A6D-DCC5-42FD-AECD-58A502C3C5D5}.Ad-Hoc|iPhoneSimulator.ActiveCfg = Release|Any CPU
		{D8B60A6D-DCC5-42FD-AECD-58A502C3C5D5}.Ad-Hoc|Mixed Platforms.ActiveCfg = Release|x86
		{D8B60A6D-DCC5-42FD-AECD-58A502C3C5D5}.Ad-Hoc|Mixed Platforms.Build.0 = Release|x86
		{D8B60A6D-DCC5-42FD-AECD-58A502C3C5D5}.Ad-Hoc|Mixed Platforms.Deploy.0 = Release|x86
		{D8B60A6D-DCC5-42FD-AECD-58A502C3C5D5}.Ad-Hoc|x86.ActiveCfg = Release|x86
		{D8B60A6D-DCC5-42FD-AECD-58A502C3C5D5}.Ad-Hoc|x86.Build.0 = Release|x86
		{D8B60A6D-DCC5-42FD-AECD-58A502C3C5D5}.Ad-Hoc|x86.Deploy.0 = Release|x86
		{D8B60A6D-DCC5-42FD-AECD-58A502C3C5D5}.AppStore|Any CPU.ActiveCfg = Release|Any CPU
		{D8B60A6D-DCC5-42FD-AECD-58A502C3C5D5}.AppStore|Any CPU.Build.0 = Release|Any CPU
		{D8B60A6D-DCC5-42FD-AECD-58A502C3C5D5}.AppStore|Any CPU.Deploy.0 = Release|Any CPU
		{D8B60A6D-DCC5-42FD-AECD-58A502C3C5D5}.AppStore|ARM.ActiveCfg = Release|ARM
		{D8B60A6D-DCC5-42FD-AECD-58A502C3C5D5}.AppStore|ARM.Build.0 = Release|ARM
		{D8B60A6D-DCC5-42FD-AECD-58A502C3C5D5}.AppStore|ARM.Deploy.0 = Release|ARM
		{D8B60A6D-DCC5-42FD-AECD-58A502C3C5D5}.AppStore|iPhone.ActiveCfg = Release|Any CPU
		{D8B60A6D-DCC5-42FD-AECD-58A502C3C5D5}.AppStore|iPhoneSimulator.ActiveCfg = Release|Any CPU
		{D8B60A6D-DCC5-42FD-AECD-58A502C3C5D5}.AppStore|Mixed Platforms.ActiveCfg = Release|x86
		{D8B60A6D-DCC5-42FD-AECD-58A502C3C5D5}.AppStore|Mixed Platforms.Build.0 = Release|x86
		{D8B60A6D-DCC5-42FD-AECD-58A502C3C5D5}.AppStore|Mixed Platforms.Deploy.0 = Release|x86
		{D8B60A6D-DCC5-42FD-AECD-58A502C3C5D5}.AppStore|x86.ActiveCfg = Release|x86
		{D8B60A6D-DCC5-42FD-AECD-58A502C3C5D5}.AppStore|x86.Build.0 = Release|x86
		{D8B60A6D-DCC5-42FD-AECD-58A502C3C5D5}.AppStore|x86.Deploy.0 = Release|x86
		{D8B60A6D-DCC5-42FD-AECD-58A502C3C5D5}.Debug|Any CPU.ActiveCfg = Debug|Any CPU
		{D8B60A6D-DCC5-42FD-AECD-58A502C3C5D5}.Debug|Any CPU.Build.0 = Debug|Any CPU
		{D8B60A6D-DCC5-42FD-AECD-58A502C3C5D5}.Debug|Any CPU.Deploy.0 = Debug|Any CPU
		{D8B60A6D-DCC5-42FD-AECD-58A502C3C5D5}.Debug|ARM.ActiveCfg = Debug|ARM
		{D8B60A6D-DCC5-42FD-AECD-58A502C3C5D5}.Debug|ARM.Build.0 = Debug|ARM
		{D8B60A6D-DCC5-42FD-AECD-58A502C3C5D5}.Debug|ARM.Deploy.0 = Debug|ARM
		{D8B60A6D-DCC5-42FD-AECD-58A502C3C5D5}.Debug|iPhone.ActiveCfg = Debug|Any CPU
		{D8B60A6D-DCC5-42FD-AECD-58A502C3C5D5}.Debug|iPhoneSimulator.ActiveCfg = Debug|Any CPU
		{D8B60A6D-DCC5-42FD-AECD-58A502C3C5D5}.Debug|Mixed Platforms.ActiveCfg = Debug|x86
		{D8B60A6D-DCC5-42FD-AECD-58A502C3C5D5}.Debug|Mixed Platforms.Build.0 = Debug|x86
		{D8B60A6D-DCC5-42FD-AECD-58A502C3C5D5}.Debug|Mixed Platforms.Deploy.0 = Debug|x86
		{D8B60A6D-DCC5-42FD-AECD-58A502C3C5D5}.Debug|x86.ActiveCfg = Debug|x86
		{D8B60A6D-DCC5-42FD-AECD-58A502C3C5D5}.Debug|x86.Build.0 = Debug|x86
		{D8B60A6D-DCC5-42FD-AECD-58A502C3C5D5}.Debug|x86.Deploy.0 = Debug|x86
		{D8B60A6D-DCC5-42FD-AECD-58A502C3C5D5}.Release|Any CPU.ActiveCfg = Release|Any CPU
		{D8B60A6D-DCC5-42FD-AECD-58A502C3C5D5}.Release|Any CPU.Build.0 = Release|Any CPU
		{D8B60A6D-DCC5-42FD-AECD-58A502C3C5D5}.Release|Any CPU.Deploy.0 = Release|Any CPU
		{D8B60A6D-DCC5-42FD-AECD-58A502C3C5D5}.Release|ARM.ActiveCfg = Release|ARM
		{D8B60A6D-DCC5-42FD-AECD-58A502C3C5D5}.Release|ARM.Build.0 = Release|ARM
		{D8B60A6D-DCC5-42FD-AECD-58A502C3C5D5}.Release|ARM.Deploy.0 = Release|ARM
		{D8B60A6D-DCC5-42FD-AECD-58A502C3C5D5}.Release|iPhone.ActiveCfg = Release|Any CPU
		{D8B60A6D-DCC5-42FD-AECD-58A502C3C5D5}.Release|iPhoneSimulator.ActiveCfg = Release|Any CPU
		{D8B60A6D-DCC5-42FD-AECD-58A502C3C5D5}.Release|Mixed Platforms.ActiveCfg = Release|x86
		{D8B60A6D-DCC5-42FD-AECD-58A502C3C5D5}.Release|Mixed Platforms.Build.0 = Release|x86
		{D8B60A6D-DCC5-42FD-AECD-58A502C3C5D5}.Release|Mixed Platforms.Deploy.0 = Release|x86
		{D8B60A6D-DCC5-42FD-AECD-58A502C3C5D5}.Release|x86.ActiveCfg = Release|x86
		{D8B60A6D-DCC5-42FD-AECD-58A502C3C5D5}.Release|x86.Build.0 = Release|x86
		{D8B60A6D-DCC5-42FD-AECD-58A502C3C5D5}.Release|x86.Deploy.0 = Release|x86
	EndGlobalSection
	GlobalSection(SolutionProperties) = preSolution
		HideSolutionNode = FALSE
	EndGlobalSection
EndGlobal
