
Microsoft Visual Studio Solution File, Format Version 12.00
# Visual Studio 2013
VisualStudioVersion = 12.0.31101.0
MinimumVisualStudioVersion = 10.0.40219.1
Project("{FAE04EC0-301F-11D3-BF4B-00C04F79EFBC}") = "HFCServiceApi", "HFCServiceApi\HFCServiceApi.csproj", "{2E0424F3-16E5-43A1-B62C-22F1E7814D67}"
EndProject
Project("{FAE04EC0-301F-11D3-BF4B-00C04F79EFBC}") = "HFCServiceApi.Tests", "HFCServiceApi.Tests\HFCServiceApi.Tests.csproj", "{48A8656C-3956-46E8-BFCC-4A4301E02333}"
EndProject
Project("{2150E333-8FDC-42A3-9474-1A3956D46DE8}") = "PublishScripts", "PublishScripts", "{5203FF1E-7209-4957-9B28-B082F7CDA3F6}"
	ProjectSection(SolutionItems) = preProject
		PublishScripts\AzureWebsitePublishModule.psm1 = PublishScripts\AzureWebsitePublishModule.psm1
		PublishScripts\Publish-WebApplicationWebsite.ps1 = PublishScripts\Publish-WebApplicationWebsite.ps1
	EndProjectSection
EndProject
Project("{2150E333-8FDC-42A3-9474-1A3956D46DE8}") = "Configurations", "Configurations", "{DE1ADDFD-EFCF-4035-860E-CBB2DB46599F}"
	ProjectSection(SolutionItems) = preProject
		PublishScripts\Configurations\HFCServiceApi-WAWS-dev.json = PublishScripts\Configurations\HFCServiceApi-WAWS-dev.json
	EndProjectSection
EndProject
Global
	GlobalSection(SolutionConfigurationPlatforms) = preSolution
		Debug|Any CPU = Debug|Any CPU
		Release|Any CPU = Release|Any CPU
	EndGlobalSection
	GlobalSection(ProjectConfigurationPlatforms) = postSolution
		{2E0424F3-16E5-43A1-B62C-22F1E7814D67}.Debug|Any CPU.ActiveCfg = Debug|Any CPU
		{2E0424F3-16E5-43A1-B62C-22F1E7814D67}.Debug|Any CPU.Build.0 = Debug|Any CPU
		{2E0424F3-16E5-43A1-B62C-22F1E7814D67}.Release|Any CPU.ActiveCfg = Release|Any CPU
		{2E0424F3-16E5-43A1-B62C-22F1E7814D67}.Release|Any CPU.Build.0 = Release|Any CPU
		{48A8656C-3956-46E8-BFCC-4A4301E02333}.Debug|Any CPU.ActiveCfg = Debug|Any CPU
		{48A8656C-3956-46E8-BFCC-4A4301E02333}.Debug|Any CPU.Build.0 = Debug|Any CPU
		{48A8656C-3956-46E8-BFCC-4A4301E02333}.Release|Any CPU.ActiveCfg = Release|Any CPU
		{48A8656C-3956-46E8-BFCC-4A4301E02333}.Release|Any CPU.Build.0 = Release|Any CPU
	EndGlobalSection
	GlobalSection(SolutionProperties) = preSolution
		HideSolutionNode = FALSE
	EndGlobalSection
	GlobalSection(NestedProjects) = preSolution
		{DE1ADDFD-EFCF-4035-860E-CBB2DB46599F} = {5203FF1E-7209-4957-9B28-B082F7CDA3F6}
	EndGlobalSection
EndGlobal
